
Microsoft Visual Studio Solution File, Format Version 12.00
# Visual Studio Version 16
VisualStudioVersion = 16.0.36422.26
MinimumVisualStudioVersion = 10.0.40219.1
Project("{FAE04EC0-301F-11D3-BF4B-00C04F79EFBC}") = "Reportes1", "Reportes1\Reportes1.csproj", "{3862452B-698C-4706-ACF3-66650F41257A}"
EndProject
Global
	GlobalSection(SolutionConfigurationPlatforms) = preSolution
		Debug|Any CPU = Debug|Any CPU
		Release|Any CPU = Release|Any CPU
	EndGlobalSection
	GlobalSection(ProjectConfigurationPlatforms) = postSolution
		{3862452B-698C-4706-ACF3-66650F41257A}.Debug|Any CPU.ActiveCfg = Debug|Any CPU
		{3862452B-698C-4706-ACF3-66650F41257A}.Debug|Any CPU.Build.0 = Debug|Any CPU
		{3862452B-698C-4706-ACF3-66650F41257A}.Release|Any CPU.ActiveCfg = Release|Any CPU
		{3862452B-698C-4706-ACF3-66650F41257A}.Release|Any CPU.Build.0 = Release|Any CPU
	EndGlobalSection
	GlobalSection(SolutionProperties) = preSolution
		HideSolutionNode = FALSE
	EndGlobalSection
	GlobalSection(ExtensibilityGlobals) = postSolution
		SolutionGuid = {A0882E01-763E-4F26-AE04-A3C2224CEB8A}
	EndGlobalSection
EndGlobal
